
Microsoft Visual Studio Solution File, Format Version 12.00
# Visual Studio Version 17
VisualStudioVersion = 17.9.34728.123
MinimumVisualStudioVersion = 10.0.40219.1
Project("{9A19103F-16F7-4668-BE54-9A1E7A4F7556}") = "Rugal.DotNetLib.WebApi", "Rugal.DotNetLib.WebApi\Rugal.DotNetLib.WebApi.csproj", "{1C3F82AD-32BF-491B-BFA6-00323E5813ED}"
EndProject
Project("{9A19103F-16F7-4668-BE54-9A1E7A4F7556}") = "Rugal.DotNetLib.Core", "Rugal.DotNetLib.Core\Rugal.DotNetLib.Core.csproj", "{343D92C4-520C-4EA5-A186-2974B0F4E670}"
EndProject
Project("{FAE04EC0-301F-11D3-BF4B-00C04F79EFBC}") = "Rugal.DotNetLib.Test", "Rugal.DotNetLib.Test\Rugal.DotNetLib.Test.csproj", "{49990C55-00F4-4AED-8176-520CB1AE2BE2}"
EndProject
Global
	GlobalSection(SolutionConfigurationPlatforms) = preSolution
		Debug|Any CPU = Debug|Any CPU
		Release|Any CPU = Release|Any CPU
	EndGlobalSection
	GlobalSection(ProjectConfigurationPlatforms) = postSolution
		{1C3F82AD-32BF-491B-BFA6-00323E5813ED}.Debug|Any CPU.ActiveCfg = Debug|Any CPU
		{1C3F82AD-32BF-491B-BFA6-00323E5813ED}.Debug|Any CPU.Build.0 = Debug|Any CPU
		{1C3F82AD-32BF-491B-BFA6-00323E5813ED}.Release|Any CPU.ActiveCfg = Release|Any CPU
		{1C3F82AD-32BF-491B-BFA6-00323E5813ED}.Release|Any CPU.Build.0 = Release|Any CPU
		{343D92C4-520C-4EA5-A186-2974B0F4E670}.Debug|Any CPU.ActiveCfg = Debug|Any CPU
		{343D92C4-520C-4EA5-A186-2974B0F4E670}.Debug|Any CPU.Build.0 = Debug|Any CPU
		{343D92C4-520C-4EA5-A186-2974B0F4E670}.Release|Any CPU.ActiveCfg = Release|Any CPU
		{343D92C4-520C-4EA5-A186-2974B0F4E670}.Release|Any CPU.Build.0 = Release|Any CPU
		{49990C55-00F4-4AED-8176-520CB1AE2BE2}.Debug|Any CPU.ActiveCfg = Debug|Any CPU
		{49990C55-00F4-4AED-8176-520CB1AE2BE2}.Debug|Any CPU.Build.0 = Debug|Any CPU
		{49990C55-00F4-4AED-8176-520CB1AE2BE2}.Release|Any CPU.ActiveCfg = Release|Any CPU
		{49990C55-00F4-4AED-8176-520CB1AE2BE2}.Release|Any CPU.Build.0 = Release|Any CPU
	EndGlobalSection
	GlobalSection(SolutionProperties) = preSolution
		HideSolutionNode = FALSE
	EndGlobalSection
	GlobalSection(ExtensibilityGlobals) = postSolution
		SolutionGuid = {7C74376A-9B24-47EB-B047-62D9C9976ADA}
	EndGlobalSection
EndGlobal
